
Microsoft Visual Studio Solution File, Format Version 12.00
# Visual Studio Version 17
VisualStudioVersion = 17.13.35919.96 d17.13
MinimumVisualStudioVersion = 10.0.40219.1
Project("{FAE04EC0-301F-11D3-BF4B-00C04F79EFBC}") = "uokweather", "uokweather\uokweather.csproj", "{829734FD-41E6-4842-AC4A-58D6526ABC90}"
EndProject
Global
	GlobalSection(SolutionConfigurationPlatforms) = preSolution
		Debug|Any CPU = Debug|Any CPU
		Release|Any CPU = Release|Any CPU
	EndGlobalSection
	GlobalSection(ProjectConfigurationPlatforms) = postSolution
		{829734FD-41E6-4842-AC4A-58D6526ABC90}.Debug|Any CPU.ActiveCfg = Debug|Any CPU
		{829734FD-41E6-4842-AC4A-58D6526ABC90}.Debug|Any CPU.Build.0 = Debug|Any CPU
		{829734FD-41E6-4842-AC4A-58D6526ABC90}.Release|Any CPU.ActiveCfg = Release|Any CPU
		{829734FD-41E6-4842-AC4A-58D6526ABC90}.Release|Any CPU.Build.0 = Release|Any CPU
	EndGlobalSection
	GlobalSection(SolutionProperties) = preSolution
		HideSolutionNode = FALSE
	EndGlobalSection
	GlobalSection(ExtensibilityGlobals) = postSolution
		SolutionGuid = {20250609-0387-4D9C-85DA-80E6B8A45534}
	EndGlobalSection
EndGlobal
