Microsoft Visual Studio Solution File, Format Version 12.00
# Visual Studio Version 17
VisualStudioVersion = 17.5.2.0
MinimumVisualStudioVersion = 10.0.40219.1
Project("{FAE04EC0-301F-11D3-BF4B-00C04F79EFBC}") = "uokweather", "uokweather.csproj", "{FADB0A83-2D3C-BC58-79F7-46A8C00E5E68}"
EndProject
Global
	GlobalSection(SolutionConfigurationPlatforms) = preSolution
		Debug|Any CPU = Debug|Any CPU
		Release|Any CPU = Release|Any CPU
	EndGlobalSection
	GlobalSection(ProjectConfigurationPlatforms) = postSolution
		{FADB0A83-2D3C-BC58-79F7-46A8C00E5E68}.Debug|Any CPU.ActiveCfg = Debug|Any CPU
		{FADB0A83-2D3C-BC58-79F7-46A8C00E5E68}.Debug|Any CPU.Build.0 = Debug|Any CPU
		{FADB0A83-2D3C-BC58-79F7-46A8C00E5E68}.Release|Any CPU.ActiveCfg = Release|Any CPU
		{FADB0A83-2D3C-BC58-79F7-46A8C00E5E68}.Release|Any CPU.Build.0 = Release|Any CPU
	EndGlobalSection
	GlobalSection(SolutionProperties) = preSolution
		HideSolutionNode = FALSE
	EndGlobalSection
	GlobalSection(ExtensibilityGlobals) = postSolution
		SolutionGuid = {1EC98AFD-44D5-4636-8EA3-748CF48FB7EB}
	EndGlobalSection
EndGlobal
